Microsoft Visual Studio Solution File, Format Version 12.00
# Visual Studio Version 17
VisualStudioVersion = 17.5.2.0
MinimumVisualStudioVersion = 10.0.40219.1
Project("{FAE04EC0-301F-11D3-BF4B-00C04F79EFBC}") = "Yue", "Yue.csproj", "{C1EE044A-46B4-2D0A-A1D2-69F41D596112}"
EndProject
Global
	GlobalSection(SolutionConfigurationPlatforms) = preSolution
		Debug|Any CPU = Debug|Any CPU
		Release|Any CPU = Release|Any CPU
	EndGlobalSection
	GlobalSection(ProjectConfigurationPlatforms) = postSolution
		{C1EE044A-46B4-2D0A-A1D2-69F41D596112}.Debug|Any CPU.ActiveCfg = Debug|Any CPU
		{C1EE044A-46B4-2D0A-A1D2-69F41D596112}.Debug|Any CPU.Build.0 = Debug|Any CPU
		{C1EE044A-46B4-2D0A-A1D2-69F41D596112}.Release|Any CPU.ActiveCfg = Release|Any CPU
		{C1EE044A-46B4-2D0A-A1D2-69F41D596112}.Release|Any CPU.Build.0 = Release|Any CPU
	EndGlobalSection
	GlobalSection(SolutionProperties) = preSolution
		HideSolutionNode = FALSE
	EndGlobalSection
	GlobalSection(ExtensibilityGlobals) = postSolution
		SolutionGuid = {C476F800-906B-4812-9709-3CBB3E7A229B}
	EndGlobalSection
EndGlobal
